
Microsoft Visual Studio Solution File, Format Version 12.00
# Visual Studio Version 16
VisualStudioVersion = 16.0.30517.126
MinimumVisualStudioVersion = 10.0.40219.1
Project("{FAE04EC0-301F-11D3-BF4B-00C04F79EFBC}") = "ProgrammersBlog.Shared", "ProgrammersBlog.Shared\ProgrammersBlog.Shared.csproj", "{DAAC9244-565E-44EC-BD2A-A9C1B9CBDB74}"
EndProject
Project("{FAE04EC0-301F-11D3-BF4B-00C04F79EFBC}") = "ProgrammersBlog.Entities", "ProgrammersBlog.Entities\ProgrammersBlog.Entities.csproj", "{1162A868-1A1F-4E8A-8740-09EFD59E8679}"
EndProject
Project("{FAE04EC0-301F-11D3-BF4B-00C04F79EFBC}") = "ProgrammersBlog.Data", "ProgrammersBlog.Data\ProgrammersBlog.Data.csproj", "{3CEC6786-C66F-46C1-A40B-E785ACAF5174}"
EndProject
Project("{FAE04EC0-301F-11D3-BF4B-00C04F79EFBC}") = "ProgrammersBlog.Services", "ProgrammersBlog.Services\ProgrammersBlog.Services.csproj", "{821A38DE-2BF3-4595-96A9-831363882AAD}"
EndProject
Project("{FAE04EC0-301F-11D3-BF4B-00C04F79EFBC}") = "ProgrammersBlog.Mvc", "ProgrammersBlog.Mvc\ProgrammersBlog.Mvc.csproj", "{FE7E09F5-B077-41D6-82A7-33E4CE4042B6}"
EndProject
Global
	GlobalSection(SolutionConfigurationPlatforms) = preSolution
		Debug|Any CPU = Debug|Any CPU
		Release|Any CPU = Release|Any CPU
	EndGlobalSection
	GlobalSection(ProjectConfigurationPlatforms) = postSolution
		{DAAC9244-565E-44EC-BD2A-A9C1B9CBDB74}.Debug|Any CPU.ActiveCfg = Debug|Any CPU
		{DAAC9244-565E-44EC-BD2A-A9C1B9CBDB74}.Debug|Any CPU.Build.0 = Debug|Any CPU
		{DAAC9244-565E-44EC-BD2A-A9C1B9CBDB74}.Release|Any CPU.ActiveCfg = Release|Any CPU
		{DAAC9244-565E-44EC-BD2A-A9C1B9CBDB74}.Release|Any CPU.Build.0 = Release|Any CPU
		{1162A868-1A1F-4E8A-8740-09EFD59E8679}.Debug|Any CPU.ActiveCfg = Debug|Any CPU
		{1162A868-1A1F-4E8A-8740-09EFD59E8679}.Debug|Any CPU.Build.0 = Debug|Any CPU
		{1162A868-1A1F-4E8A-8740-09EFD59E8679}.Release|Any CPU.ActiveCfg = Release|Any CPU
		{1162A868-1A1F-4E8A-8740-09EFD59E8679}.Release|Any CPU.Build.0 = Release|Any CPU
		{3CEC6786-C66F-46C1-A40B-E785ACAF5174}.Debug|Any CPU.ActiveCfg = Debug|Any CPU
		{3CEC6786-C66F-46C1-A40B-E785ACAF5174}.Debug|Any CPU.Build.0 = Debug|Any CPU
		{3CEC6786-C66F-46C1-A40B-E785ACAF5174}.Release|Any CPU.ActiveCfg = Release|Any CPU
		{3CEC6786-C66F-46C1-A40B-E785ACAF5174}.Release|Any CPU.Build.0 = Release|Any CPU
		{821A38DE-2BF3-4595-96A9-831363882AAD}.Debug|Any CPU.ActiveCfg = Debug|Any CPU
		{821A38DE-2BF3-4595-96A9-831363882AAD}.Debug|Any CPU.Build.0 = Debug|Any CPU
		{821A38DE-2BF3-4595-96A9-831363882AAD}.Release|Any CPU.ActiveCfg = Release|Any CPU
		{821A38DE-2BF3-4595-96A9-831363882AAD}.Release|Any CPU.Build.0 = Release|Any CPU
		{FE7E09F5-B077-41D6-82A7-33E4CE4042B6}.Debug|Any CPU.ActiveCfg = Debug|Any CPU
		{FE7E09F5-B077-41D6-82A7-33E4CE4042B6}.Debug|Any CPU.Build.0 = Debug|Any CPU
		{FE7E09F5-B077-41D6-82A7-33E4CE4042B6}.Release|Any CPU.ActiveCfg = Release|Any CPU
		{FE7E09F5-B077-41D6-82A7-33E4CE4042B6}.Release|Any CPU.Build.0 = Release|Any CPU
	EndGlobalSection
	GlobalSection(SolutionProperties) = preSolution
		HideSolutionNode = FALSE
	EndGlobalSection
	GlobalSection(ExtensibilityGlobals) = postSolution
		SolutionGuid = {336FF337-2F82-4D3A-A151-230074237932}
	EndGlobalSection
EndGlobal
